// !$*UTF8*$!
{
	archiveVersion = 1;
	classes = {
	};
	objectVersion = 55;
	objects = {

/* Begin PBXContainerItemProxy section */
		BA0983332F8B4FAD76825879 /* PBXContainerItemProxy */ = {
			isa = PBXContainerItemProxy;
			containerPortal = 5E40340DF72ED474E732FD4B /* Project object */;
			proxyType = 1;
			remoteGlobalIDString = 04A2649602E32E01CA11992F;
			remoteInfo = FeedbackApp;
		};
/* End PBXContainerItemProxy section */

/* Begin PBXCopyFilesBuildPhase section */
		49C8669DF45C030C9219A509 /* Embed Frameworks */ = {
			isa = PBXCopyFilesBuildPhase;
			buildActionMask = 2147483647;
			dstPath = "";
			dstSubfolderSpec = 10;
			files = (
			);
			name = "Embed Frameworks";
			runOnlyForDeploymentPostprocessing = 0;
		};
		FE8D96E6C707817171F75611 /* Embed Frameworks */ = {
			isa = PBXCopyFilesBuildPhase;
			buildActionMask = 2147483647;
			dstPath = "";
			dstSubfolderSpec = 10;
			files = (
			);
			name = "Embed Frameworks";
			runOnlyForDeploymentPostprocessing = 0;
		};
/* End PBXCopyFilesBuildPhase section */

/* Begin PBXFileReference section */
		634FEE418CCD8E04264B3FFD /* FeedbackApp.app */ = {isa = PBXFileReference; explicitFileType = wrapper.application; includeInIndex = 0; path = FeedbackApp.app; sourceTree = BUILT_PRODUCTS_DIR; };
		76D2FD80E890890E98EFFDC3 /* FeedbackApp-Info.plist */ = {isa = PBXFileReference; lastKnownFileType = text.plist; path = "FeedbackApp-Info.plist"; sourceTree = "<group>"; };
		B4B8CA4D51FCEF5DC2622009 /* FeedbackAppTests-Info.plist */ = {isa = PBXFileReference; lastKnownFileType = text.plist; path = "FeedbackAppTests-Info.plist"; sourceTree = "<group>"; };
		B876D75636A9514D3A343754 /* FeedbackAppTests.xctest */ = {isa = PBXFileReference; explicitFileType = wrapper.cfbundle; includeInIndex = 0; path = FeedbackAppTests.xctest; sourceTree = BUILT_PRODUCTS_DIR; };
/* End PBXFileReference section */

/* Begin PBXFileSystemSynchronizedRootGroup section */
		2919B6612A6BFFB321D94059 /* Sources */ = {
			isa = PBXFileSystemSynchronizedRootGroup;
			explicitFileTypes = {
			};
			explicitFolders = (
			);
			path = Sources;
			sourceTree = "<group>";
		};
		512532BC26C2759B0B16DF99 /* Tests */ = {
			isa = PBXFileSystemSynchronizedRootGroup;
			explicitFileTypes = {
			};
			explicitFolders = (
			);
			path = Tests;
			sourceTree = "<group>";
		};
		8DAD701A6F7E8E0B4C5497A3 /* Resources */ = {
			isa = PBXFileSystemSynchronizedRootGroup;
			explicitFileTypes = {
			};
			explicitFolders = (
			);
			path = Resources;
			sourceTree = "<group>";
		};
/* End PBXFileSystemSynchronizedRootGroup section */

/* Begin PBXFrameworksBuildPhase section */
		8DD41B31C4AC2F11EAAADE7D /* Frameworks */ = {
			isa = PBXFrameworksBuildPhase;
			buildActionMask = 2147483647;
			files = (
			);
			runOnlyForDeploymentPostprocessing = 0;
		};
		DAEBD9604582DC5F5EEC14F3 /* Frameworks */ = {
			isa = PBXFrameworksBuildPhase;
			buildActionMask = 2147483647;
			files = (
			);
			runOnlyForDeploymentPostprocessing = 0;
		};
/* End PBXFrameworksBuildPhase section */

/* Begin PBXGroup section */
		11D9A0358D92E12A60503A72 /* Project */ = {
			isa = PBXGroup;
			children = (
				5EF4FA9E1E01A120A6080BA9 /* Derived */,
				D6A8D496DCCDDE0504021CF6 /* FeedbackApp */,
			);
			name = Project;
			sourceTree = "<group>";
		};
		1E8531F20170B2C33DC8EF25 /* InfoPlists */ = {
			isa = PBXGroup;
			children = (
				76D2FD80E890890E98EFFDC3 /* FeedbackApp-Info.plist */,
				B4B8CA4D51FCEF5DC2622009 /* FeedbackAppTests-Info.plist */,
			);
			path = InfoPlists;
			sourceTree = "<group>";
		};
		5EF4FA9E1E01A120A6080BA9 /* Derived */ = {
			isa = PBXGroup;
			children = (
				1E8531F20170B2C33DC8EF25 /* InfoPlists */,
			);
			path = Derived;
			sourceTree = "<group>";
		};
		7005EBB1A32ADF4531458987 = {
			isa = PBXGroup;
			children = (
				11D9A0358D92E12A60503A72 /* Project */,
				CED2200F0450D039FF24F63E /* Products */,
			);
			sourceTree = "<group>";
		};
		CED2200F0450D039FF24F63E /* Products */ = {
			isa = PBXGroup;
			children = (
				634FEE418CCD8E04264B3FFD /* FeedbackApp.app */,
				B876D75636A9514D3A343754 /* FeedbackAppTests.xctest */,
			);
			name = Products;
			sourceTree = "<group>";
		};
		D6A8D496DCCDDE0504021CF6 /* FeedbackApp */ = {
			isa = PBXGroup;
			children = (
				8DAD701A6F7E8E0B4C5497A3 /* Resources */,
				2919B6612A6BFFB321D94059 /* Sources */,
				512532BC26C2759B0B16DF99 /* Tests */,
			);
			path = FeedbackApp;
			sourceTree = "<group>";
		};
/* End PBXGroup section */

/* Begin PBXNativeTarget section */
		04A2649602E32E01CA11992F /* FeedbackApp */ = {
			isa = PBXNativeTarget;
			buildConfigurationList = D0C34BB431F422E680D26CEB /* Build configuration list for PBXNativeTarget "FeedbackApp" */;
			buildPhases = (
				57DC6EA26DD5B2BDA6C5BF0A /* Sources */,
				9383AE608F682163A4F747A8 /* Resources */,
				DAEBD9604582DC5F5EEC14F3 /* Frameworks */,
				49C8669DF45C030C9219A509 /* Embed Frameworks */,
			);
			buildRules = (
			);
			dependencies = (
			);
			fileSystemSynchronizedGroups = (
				2919B6612A6BFFB321D94059 /* Sources */,
				8DAD701A6F7E8E0B4C5497A3 /* Resources */,
			);
			name = FeedbackApp;
			packageProductDependencies = (
			);
			productName = FeedbackApp;
			productReference = 634FEE418CCD8E04264B3FFD /* FeedbackApp.app */;
			productType = "com.apple.product-type.application";
		};
		ADA2CD0E3D26C103B455FBA6 /* FeedbackAppTests */ = {
			isa = PBXNativeTarget;
			buildConfigurationList = 56A5C2218B26BFDC57C04B02 /* Build configuration list for PBXNativeTarget "FeedbackAppTests" */;
			buildPhases = (
				FBDCEE6A5827A1EFF2190F77 /* Sources */,
				83D6B7DD314A36DD7AE92CCE /* Resources */,
				8DD41B31C4AC2F11EAAADE7D /* Frameworks */,
				FE8D96E6C707817171F75611 /* Embed Frameworks */,
			);
			buildRules = (
			);
			dependencies = (
				FF1727BA5D08D3F945510CA9 /* PBXTargetDependency */,
			);
			fileSystemSynchronizedGroups = (
				512532BC26C2759B0B16DF99 /* Tests */,
			);
			name = FeedbackAppTests;
			packageProductDependencies = (
			);
			productName = FeedbackAppTests;
			productReference = B876D75636A9514D3A343754 /* FeedbackAppTests.xctest */;
			productType = "com.apple.product-type.bundle.unit-test";
		};
/* End PBXNativeTarget section */

/* Begin PBXProject section */
		5E40340DF72ED474E732FD4B /* Project object */ = {
			isa = PBXProject;
			attributes = {
				BuildIndependentTargetsInParallel = YES;
				TargetAttributes = {
					ADA2CD0E3D26C103B455FBA6 = {
						TestTargetID = 04A2649602E32E01CA11992F;
					};
				};
			};
			buildConfigurationList = D4A164222BEF78A1590B1299 /* Build configuration list for PBXProject "FeedbackApp" */;
			compatibilityVersion = "Xcode 14.0";
			developmentRegion = en;
			hasScannedForEncodings = 0;
			knownRegions = (
				Base,
				en,
			);
			mainGroup = 7005EBB1A32ADF4531458987;
			productRefGroup = CED2200F0450D039FF24F63E /* Products */;
			projectDirPath = "";
			projectRoot = "";
			targets = (
				04A2649602E32E01CA11992F /* FeedbackApp */,
				ADA2CD0E3D26C103B455FBA6 /* FeedbackAppTests */,
			);
		};
/* End PBXProject section */

/* Begin PBXResourcesBuildPhase section */
		83D6B7DD314A36DD7AE92CCE /* Resources */ = {
			isa = PBXResourcesBuildPhase;
			buildActionMask = 2147483647;
			files = (
			);
			runOnlyForDeploymentPostprocessing = 0;
		};
		9383AE608F682163A4F747A8 /* Resources */ = {
			isa = PBXResourcesBuildPhase;
			buildActionMask = 2147483647;
			files = (
			);
			runOnlyForDeploymentPostprocessing = 0;
		};
/* End PBXResourcesBuildPhase section */

/* Begin PBXSourcesBuildPhase section */
		57DC6EA26DD5B2BDA6C5BF0A /* Sources */ = {
			isa = PBXSourcesBuildPhase;
			buildActionMask = 2147483647;
			files = (
			);
			runOnlyForDeploymentPostprocessing = 0;
		};
		FBDCEE6A5827A1EFF2190F77 /* Sources */ = {
			isa = PBXSourcesBuildPhase;
			buildActionMask = 2147483647;
			files = (
			);
			runOnlyForDeploymentPostprocessing = 0;
		};
/* End PBXSourcesBuildPhase section */

/* Begin PBXTargetDependency section */
		FF1727BA5D08D3F945510CA9 /* PBXTargetDependency */ = {
			isa = PBXTargetDependency;
			name = FeedbackApp;
			target = 04A2649602E32E01CA11992F /* FeedbackApp */;
			targetProxy = BA0983332F8B4FAD76825879 /* PBXContainerItemProxy */;
		};
/* End PBXTargetDependency section */

/* Begin XCBuildConfiguration section */
		13B133BBDDD1ABD9B01B864A /* Debug */ = {
			isa = XCBuildConfiguration;
			buildSettings = {
				BUNDLE_LOADER = "$(TEST_HOST)";
				CODE_SIGN_IDENTITY = "iPhone Developer";
				INFOPLIST_FILE = "Derived/InfoPlists/FeedbackAppTests-Info.plist";
				LD_RUNPATH_SEARCH_PATHS = (
					"$(inherited)",
					"@executable_path/Frameworks",
					"@loader_path/Frameworks",
				);
				PRODUCT_BUNDLE_IDENTIFIER = dev.tuist.FeedbackAppTests;
				PRODUCT_NAME = FeedbackAppTests;
				SDKROOT = iphoneos;
				SUPPORTS_MACCATALYST = NO;
				SUPPORTS_MAC_DESIGNED_FOR_IPHONE_IPAD = YES;
				SUPPORTS_XR_DESIGNED_FOR_IPHONE_IPAD = NO;
				SWIFT_ACTIVE_COMPILATION_CONDITIONS = (
					"$(inherited)",
					DEBUG,
				);
				SWIFT_COMPILATION_MODE = singlefile;
				SWIFT_OPTIMIZATION_LEVEL = "-Onone";
				SWIFT_VERSION = 5.0;
				TARGETED_DEVICE_FAMILY = "1,2";
				TEST_HOST = "$(BUILT_PRODUCTS_DIR)/FeedbackApp.app/$(BUNDLE_EXECUTABLE_FOLDER_PATH)/FeedbackApp";
				TEST_TARGET_NAME = FeedbackApp;
			};
			name = Debug;
		};
		17BA320FEF7D4E7EB8018221 /* Debug */ = {
			isa = XCBuildConfiguration;
			buildSettings = {
				ASSETCATALOG_COMPILER_APPICON_NAME = AppIcon;
				ASSETCATALOG_COMPILER_GLOBAL_ACCENT_COLOR_NAME = AccentColor;
				CODE_SIGN_IDENTITY = "iPhone Developer";
				ENABLE_PREVIEWS = YES;
				INFOPLIST_FILE = "Derived/InfoPlists/FeedbackApp-Info.plist";
				LD_RUNPATH_SEARCH_PATHS = (
					"$(inherited)",
					"@executable_path/Frameworks",
				);
				PRODUCT_BUNDLE_IDENTIFIER = dev.tuist.FeedbackApp;
				PRODUCT_NAME = FeedbackApp;
				SDKROOT = iphoneos;
				SUPPORTS_MACCATALYST = NO;
				SUPPORTS_MAC_DESIGNED_FOR_IPHONE_IPAD = YES;
				SUPPORTS_XR_DESIGNED_FOR_IPHONE_IPAD = NO;
				SWIFT_ACTIVE_COMPILATION_CONDITIONS = (
					"$(inherited)",
					DEBUG,
				);
				SWIFT_COMPILATION_MODE = singlefile;
				SWIFT_OPTIMIZATION_LEVEL = "-Onone";
				SWIFT_VERSION = 5.0;
				TARGETED_DEVICE_FAMILY = "1,2";
			};
			name = Debug;
		};
		45A3E85D42E57BCEE9E5E719 /* Debug */ = {
			isa = XCBuildConfiguration;
			buildSettings = {
				ALWAYS_SEARCH_USER_PATHS = NO;
				CLANG_ANALYZER_LOCALIZABILITY_NONLOCALIZED = YES;
				CLANG_ANALYZER_NONNULL = YES;
				CLANG_ANALYZER_NUMBER_OBJECT_CONVERSION = YES_AGGRESSIVE;
				CLANG_CXX_LANGUAGE_STANDARD = "gnu++14";
				CLANG_CXX_LIBRARY = "libc++";
				CLANG_ENABLE_MODULES = YES;
				CLANG_ENABLE_OBJC_ARC = YES;
				CLANG_ENABLE_OBJC_WEAK = YES;
				CLANG_WARN_BLOCK_CAPTURE_AUTORELEASING = YES;
				CLANG_WARN_BOOL_CONVERSION = YES;
				CLANG_WARN_COMMA = YES;
				CLANG_WARN_CONSTANT_CONVERSION = YES;
				CLANG_WARN_DEPRECATED_OBJC_IMPLEMENTATIONS = YES;
				CLANG_WARN_DIRECT_OBJC_ISA_USAGE = YES_ERROR;
				CLANG_WARN_DOCUMENTATION_COMMENTS = YES;
				CLANG_WARN_EMPTY_BODY = YES;
				CLANG_WARN_ENUM_CONVERSION = YES;
				CLANG_WARN_INFINITE_RECURSION = YES;
				CLANG_WARN_INT_CONVERSION = YES;
				CLANG_WARN_NON_LITERAL_NULL_CONVERSION = YES;
				CLANG_WARN_OBJC_IMPLICIT_RETAIN_SELF = YES;
				CLANG_WARN_OBJC_LITERAL_CONVERSION = YES;
				CLANG_WARN_OBJC_ROOT_CLASS = YES_ERROR;
				CLANG_WARN_QUOTED_INCLUDE_IN_FRAMEWORK_HEADER = YES;
				CLANG_WARN_RANGE_LOOP_ANALYSIS = YES;
				CLANG_WARN_STRICT_PROTOTYPES = YES;
				CLANG_WARN_SUSPICIOUS_MOVE = YES;
				CLANG_WARN_UNGUARDED_AVAILABILITY = YES_AGGRESSIVE;
				CLANG_WARN_UNREACHABLE_CODE = YES;
				CLANG_WARN__DUPLICATE_METHOD_MATCH = YES;
				COPY_PHASE_STRIP = NO;
				DEAD_CODE_STRIPPING = YES;
				DEBUG_INFORMATION_FORMAT = dwarf;
				ENABLE_STRICT_OBJC_MSGSEND = YES;
				ENABLE_TESTABILITY = YES;
				GCC_C_LANGUAGE_STANDARD = gnu11;
				GCC_DYNAMIC_NO_PIC = NO;
				GCC_NO_COMMON_BLOCKS = YES;
				GCC_OPTIMIZATION_LEVEL = 0;
				GCC_PREPROCESSOR_DEFINITIONS = (
					"DEBUG=1",
					"$(inherited)",
				);
				GCC_WARN_64_TO_32_BIT_CONVERSION = YES;
				GCC_WARN_ABOUT_RETURN_TYPE = YES_ERROR;
				GCC_WARN_UNDECLARED_SELECTOR = YES;
				GCC_WARN_UNINITIALIZED_AUTOS = YES_AGGRESSIVE;
				GCC_WARN_UNUSED_FUNCTION = YES;
				GCC_WARN_UNUSED_VARIABLE = YES;
				MTL_ENABLE_DEBUG_INFO = YES;
				ONLY_ACTIVE_ARCH = YES;
				PRODUCT_NAME = "$(TARGET_NAME)";
			};
			name = Debug;
		};
		5908042412664590E7BCF66B /* Release */ = {
			isa = XCBuildConfiguration;
			buildSettings = {
				ASSETCATALOG_COMPILER_APPICON_NAME = AppIcon;
				ASSETCATALOG_COMPILER_GLOBAL_ACCENT_COLOR_NAME = AccentColor;
				CODE_SIGN_IDENTITY = "iPhone Developer";
				ENABLE_PREVIEWS = YES;
				INFOPLIST_FILE = "Derived/InfoPlists/FeedbackApp-Info.plist";
				LD_RUNPATH_SEARCH_PATHS = (
					"$(inherited)",
					"@executable_path/Frameworks",
				);
				PRODUCT_BUNDLE_IDENTIFIER = dev.tuist.FeedbackApp;
				PRODUCT_NAME = FeedbackApp;
				SDKROOT = iphoneos;
				SUPPORTS_MACCATALYST = NO;
				SUPPORTS_MAC_DESIGNED_FOR_IPHONE_IPAD = YES;
				SUPPORTS_XR_DESIGNED_FOR_IPHONE_IPAD = NO;
				SWIFT_COMPILATION_MODE = wholemodule;
				SWIFT_OPTIMIZATION_LEVEL = "-O";
				SWIFT_VERSION = 5.0;
				TARGETED_DEVICE_FAMILY = "1,2";
			};
			name = Release;
		};
		AF52272CBEEAD09563815C8D /* Release */ = {
			isa = XCBuildConfiguration;
			buildSettings = {
				BUNDLE_LOADER = "$(TEST_HOST)";
				CODE_SIGN_IDENTITY = "iPhone Developer";
				INFOPLIST_FILE = "Derived/InfoPlists/FeedbackAppTests-Info.plist";
				LD_RUNPATH_SEARCH_PATHS = (
					"$(inherited)",
					"@executable_path/Frameworks",
					"@loader_path/Frameworks",
				);
				PRODUCT_BUNDLE_IDENTIFIER = dev.tuist.FeedbackAppTests;
				PRODUCT_NAME = FeedbackAppTests;
				SDKROOT = iphoneos;
				SUPPORTS_MACCATALYST = NO;
				SUPPORTS_MAC_DESIGNED_FOR_IPHONE_IPAD = YES;
				SUPPORTS_XR_DESIGNED_FOR_IPHONE_IPAD = NO;
				SWIFT_COMPILATION_MODE = wholemodule;
				SWIFT_OPTIMIZATION_LEVEL = "-O";
				SWIFT_VERSION = 5.0;
				TARGETED_DEVICE_FAMILY = "1,2";
				TEST_HOST = "$(BUILT_PRODUCTS_DIR)/FeedbackApp.app/$(BUNDLE_EXECUTABLE_FOLDER_PATH)/FeedbackApp";
				TEST_TARGET_NAME = FeedbackApp;
			};
			name = Release;
		};
		F0C9B5ED9B9AF3A53EFCBF60 /* Release */ = {
			isa = XCBuildConfiguration;
			buildSettings = {
				ALWAYS_SEARCH_USER_PATHS = NO;
				CLANG_ANALYZER_LOCALIZABILITY_NONLOCALIZED = YES;
				CLANG_ANALYZER_NONNULL = YES;
				CLANG_ANALYZER_NUMBER_OBJECT_CONVERSION = YES_AGGRESSIVE;
				CLANG_CXX_LANGUAGE_STANDARD = "gnu++14";
				CLANG_CXX_LIBRARY = "libc++";
				CLANG_ENABLE_MODULES = YES;
				CLANG_ENABLE_OBJC_ARC = YES;
				CLANG_ENABLE_OBJC_WEAK = YES;
				CLANG_WARN_BLOCK_CAPTURE_AUTORELEASING = YES;
				CLANG_WARN_BOOL_CONVERSION = YES;
				CLANG_WARN_COMMA = YES;
				CLANG_WARN_CONSTANT_CONVERSION = YES;
				CLANG_WARN_DEPRECATED_OBJC_IMPLEMENTATIONS = YES;
				CLANG_WARN_DIRECT_OBJC_ISA_USAGE = YES_ERROR;
				CLANG_WARN_DOCUMENTATION_COMMENTS = YES;
				CLANG_WARN_EMPTY_BODY = YES;
				CLANG_WARN_ENUM_CONVERSION = YES;
				CLANG_WARN_INFINITE_RECURSION = YES;
				CLANG_WARN_INT_CONVERSION = YES;
				CLANG_WARN_NON_LITERAL_NULL_CONVERSION = YES;
				CLANG_WARN_OBJC_IMPLICIT_RETAIN_SELF = YES;
				CLANG_WARN_OBJC_LITERAL_CONVERSION = YES;
				CLANG_WARN_OBJC_ROOT_CLASS = YES_ERROR;
				CLANG_WARN_QUOTED_INCLUDE_IN_FRAMEWORK_HEADER = YES;
				CLANG_WARN_RANGE_LOOP_ANALYSIS = YES;
				CLANG_WARN_STRICT_PROTOTYPES = YES;
				CLANG_WARN_SUSPICIOUS_MOVE = YES;
				CLANG_WARN_UNGUARDED_AVAILABILITY = YES_AGGRESSIVE;
				CLANG_WARN_UNREACHABLE_CODE = YES;
				CLANG_WARN__DUPLICATE_METHOD_MATCH = YES;
				COPY_PHASE_STRIP = NO;
				DEAD_CODE_STRIPPING = YES;
				DEBUG_INFORMATION_FORMAT = "dwarf-with-dsym";
				ENABLE_NS_ASSERTIONS = NO;
				ENABLE_STRICT_OBJC_MSGSEND = YES;
				GCC_C_LANGUAGE_STANDARD = gnu11;
				GCC_NO_COMMON_BLOCKS = YES;
				GCC_WARN_64_TO_32_BIT_CONVERSION = YES;
				GCC_WARN_ABOUT_RETURN_TYPE = YES_ERROR;
				GCC_WARN_UNDECLARED_SELECTOR = YES;
				GCC_WARN_UNINITIALIZED_AUTOS = YES_AGGRESSIVE;
				GCC_WARN_UNUSED_FUNCTION = YES;
				GCC_WARN_UNUSED_VARIABLE = YES;
				MTL_ENABLE_DEBUG_INFO = NO;
				PRODUCT_NAME = "$(TARGET_NAME)";
				VALIDATE_PRODUCT = YES;
			};
			name = Release;
		};
/* End XCBuildConfiguration section */

/* Begin XCConfigurationList section */
		56A5C2218B26BFDC57C04B02 /* Build configuration list for PBXNativeTarget "FeedbackAppTests" */ = {
			isa = XCConfigurationList;
			buildConfigurations = (
				13B133BBDDD1ABD9B01B864A /* Debug */,
				AF52272CBEEAD09563815C8D /* Release */,
			);
			defaultConfigurationIsVisible = 0;
			defaultConfigurationName = Release;
		};
		D0C34BB431F422E680D26CEB /* Build configuration list for PBXNativeTarget "FeedbackApp" */ = {
			isa = XCConfigurationList;
			buildConfigurations = (
				17BA320FEF7D4E7EB8018221 /* Debug */,
				5908042412664590E7BCF66B /* Release */,
			);
			defaultConfigurationIsVisible = 0;
			defaultConfigurationName = Release;
		};
		D4A164222BEF78A1590B1299 /* Build configuration list for PBXProject "FeedbackApp" */ = {
			isa = XCConfigurationList;
			buildConfigurations = (
				45A3E85D42E57BCEE9E5E719 /* Debug */,
				F0C9B5ED9B9AF3A53EFCBF60 /* Release */,
			);
			defaultConfigurationIsVisible = 0;
			defaultConfigurationName = Release;
		};
/* End XCConfigurationList section */
	};
	rootObject = 5E40340DF72ED474E732FD4B /* Project object */;
}
